{
  "nodes": {
    "nixpkgs": {
      "locked": {
        "lastModified": 0,
        "narHash": "sha256-7rTAMNTY1xoBwz0h7ZMtEcd8LELk9R5TzBPoHuhNSCk=",
        "path": "/nix/store/g4ppspdl4fy7hnp4jgjl4ll03v7i08w3-source",
        "type": "path"
      },
      "original": {
        "id": "nixpkgs",
        "type": "indirect"
      }
    },
    "nixpkgs-old": {
      "locked": {
        "lastModified": 1735160951,
        "narHash": "sha256-9h91U6BBNnzShwzlC+r/aXB+WyN3S140lYQbHH95bc0=",
        "owner": "NixOS",
        "repo": "nixpkgs",
        "rev": "c792c60b8a97daa7efe41a6e4954497ae410e0c1",
        "type": "github"
      },
      "original": {
        "owner": "NixOS",
        "repo": "nixpkgs",
        "rev": "c792c60b8a97daa7efe41a6e4954497ae410e0c1",
        "type": "github"
      }
    },
    "root": {
      "inputs": {
        "nixpkgs": "nixpkgs",
        "nixpkgs-old": "nixpkgs-old"
      }
    }
  },
  "root": "root",
  "version": 7
}
